// !$*UTF8*$!
{
	archiveVersion = 1;
	classes = {
	};
	objectVersion = 55;
	objects = {

/* Begin PBXBuildFile section */
		186ADF75281959DF00C97A4C /* AddTodoViewController.swift in Sources */ = {isa = PBXBuildFile; fileRef = 186ADF74281959DF00C97A4C /* AddTodoViewController.swift */; };
		18B62848281A71F9006276E1 /* CustomSectionHeaderView.swift in Sources */ = {isa = PBXBuildFile; fileRef = 18B62847281A71F9006276E1 /* CustomSectionHeaderView.swift */; };
		18B6284E281A7F0D006276E1 /* Extension.swift in Sources */ = {isa = PBXBuildFile; fileRef = 18B6284D281A7F0D006276E1 /* Extension.swift */; };
		18B62851281BBC8F006276E1 /* RxCocoa in Frameworks */ = {isa = PBXBuildFile; productRef = 18B62850281BBC8F006276E1 /* RxCocoa */; };
		18B62853281BBC8F006276E1 /* RxSwift in Frameworks */ = {isa = PBXBuildFile; productRef = 18B62852281BBC8F006276E1 /* RxSwift */; };
		18B62855281BCD43006276E1 /* Task.swift in Sources */ = {isa = PBXBuildFile; fileRef = 18B62854281BCD43006276E1 /* Task.swift */; };
		18E990AB2817C7FE00AE5553 /* AppDelegate.swift in Sources */ = {isa = PBXBuildFile; fileRef = 18E990AA2817C7FE00AE5553 /* AppDelegate.swift */; };
		18E990AD2817C7FE00AE5553 /* SceneDelegate.swift in Sources */ = {isa = PBXBuildFile; fileRef = 18E990AC2817C7FE00AE5553 /* SceneDelegate.swift */; };
		18E990AF2817C7FE00AE5553 /* ContentViewController.swift in Sources */ = {isa = PBXBuildFile; fileRef = 18E990AE2817C7FE00AE5553 /* ContentViewController.swift */; };
		18E990B52817C7FE00AE5553 /* WhatsPlan.xcdatamodeld in Sources */ = {isa = PBXBuildFile; fileRef = 18E990B32817C7FE00AE5553 /* WhatsPlan.xcdatamodeld */; };
		18E990B72817C7FE00AE5553 /* Assets.xcassets in Resources */ = {isa = PBXBuildFile; fileRef = 18E990B62817C7FE00AE5553 /* Assets.xcassets */; };
		18E990BA2817C7FE00AE5553 /* LaunchScreen.storyboard in Resources */ = {isa = PBXBuildFile; fileRef = 18E990B82817C7FE00AE5553 /* LaunchScreen.storyboard */; };
		18E990C42817CA5700AE5553 /* plan.swift in Sources */ = {isa = PBXBuildFile; fileRef = 18E990C32817CA5700AE5553 /* plan.swift */; };
		18E990C62817CF7E00AE5553 /* TodayViewController.swift in Sources */ = {isa = PBXBuildFile; fileRef = 18E990C52817CF7E00AE5553 /* TodayViewController.swift */; };
		18E990C82817CFCF00AE5553 /* PastViewController.swift in Sources */ = {isa = PBXBuildFile; fileRef = 18E990C72817CFCF00AE5553 /* PastViewController.swift */; };
		18E990CB2817D48900AE5553 /* SnapKit in Frameworks */ = {isa = PBXBuildFile; productRef = 18E990CA2817D48900AE5553 /* SnapKit */; };
		18E990CE2817D6B400AE5553 /* CustomCellView.swift in Sources */ = {isa = PBXBuildFile; fileRef = 18E990CD2817D6B400AE5553 /* CustomCellView.swift */; };
/* End PBXBuildFile section */

/* Begin PBXFileReference section */
		186ADF74281959DF00C97A4C /* AddTodoViewController.swift */ = {isa = PBXFileReference; lastKnownFileType = sourcecode.swift; path = AddTodoViewController.swift; sourceTree = "<group>"; };
		18B62847281A71F9006276E1 /* CustomSectionHeaderView.swift */ = {isa = PBXFileReference; lastKnownFileType = sourcecode.swift; path = CustomSectionHeaderView.swift; sourceTree = "<group>"; };
		18B6284D281A7F0D006276E1 /* Extension.swift */ = {isa = PBXFileReference; lastKnownFileType = sourcecode.swift; path = Extension.swift; sourceTree = "<group>"; };
		18B62854281BCD43006276E1 /* Task.swift */ = {isa = PBXFileReference; lastKnownFileType = sourcecode.swift; path = Task.swift; sourceTree = "<group>"; };
		18E990A72817C7FE00AE5553 /* WhatsPlan.app */ = {isa = PBXFileReference; explicitFileType = wrapper.application; includeInIndex = 0; path = WhatsPlan.app; sourceTree = BUILT_PRODUCTS_DIR; };
		18E990AA2817C7FE00AE5553 /* AppDelegate.swift */ = {isa = PBXFileReference; lastKnownFileType = sourcecode.swift; path = AppDelegate.swift; sourceTree = "<group>"; };
		18E990AC2817C7FE00AE5553 /* SceneDelegate.swift */ = {isa = PBXFileReference; lastKnownFileType = sourcecode.swift; path = SceneDelegate.swift; sourceTree = "<group>"; };
		18E990AE2817C7FE00AE5553 /* ContentViewController.swift */ = {isa = PBXFileReference; lastKnownFileType = sourcecode.swift; path = ContentViewController.swift; sourceTree = "<group>"; };
		18E990B42817C7FE00AE5553 /* WhatsPlan.xcdatamodel */ = {isa = PBXFileReference; lastKnownFileType = wrapper.xcdatamodel; path = WhatsPlan.xcdatamodel; sourceTree = "<group>"; };
		18E990B62817C7FE00AE5553 /* Assets.xcassets */ = {isa = PBXFileReference; lastKnownFileType = folder.assetcatalog; path = Assets.xcassets; sourceTree = "<group>"; };
		18E990B92817C7FE00AE5553 /* Base */ = {isa = PBXFileReference; lastKnownFileType = file.storyboard; name = Base; path = Base.lproj/LaunchScreen.storyboard; sourceTree = "<group>"; };
		18E990BB2817C7FE00AE5553 /* Info.plist */ = {isa = PBXFileReference; lastKnownFileType = text.plist.xml; path = Info.plist; sourceTree = "<group>"; };
		18E990C32817CA5700AE5553 /* plan.swift */ = {isa = PBXFileReference; lastKnownFileType = sourcecode.swift; path = plan.swift; sourceTree = "<group>"; };
		18E990C52817CF7E00AE5553 /* TodayViewController.swift */ = {isa = PBXFileReference; lastKnownFileType = sourcecode.swift; path = TodayViewController.swift; sourceTree = "<group>"; };
		18E990C72817CFCF00AE5553 /* PastViewController.swift */ = {isa = PBXFileReference; lastKnownFileType = sourcecode.swift; path = PastViewController.swift; sourceTree = "<group>"; };
		18E990CD2817D6B400AE5553 /* CustomCellView.swift */ = {isa = PBXFileReference; lastKnownFileType = sourcecode.swift; path = CustomCellView.swift; sourceTree = "<group>"; };
/* End PBXFileReference section */

/* Begin PBXFrameworksBuildPhase section */
		18E990A42817C7FE00AE5553 /* Frameworks */ = {
			isa = PBXFrameworksBuildPhase;
			buildActionMask = 2147483647;
			files = (
				18B62853281BBC8F006276E1 /* RxSwift in Frameworks */,
				18B62851281BBC8F006276E1 /* RxCocoa in Frameworks */,
				18E990CB2817D48900AE5553 /* SnapKit in Frameworks */,
			);
			runOnlyForDeploymentPostprocessing = 0;
		};
/* End PBXFrameworksBuildPhase section */

/* Begin PBXGroup section */
		18B62846281A71E8006276E1 /* SubViews */ = {
			isa = PBXGroup;
			children = (
				18B62847281A71F9006276E1 /* CustomSectionHeaderView.swift */,
				18B6284D281A7F0D006276E1 /* Extension.swift */,
			);
			path = SubViews;
			sourceTree = "<group>";
		};
		18E9909E2817C7FE00AE5553 = {
			isa = PBXGroup;
			children = (
				18E990A92817C7FE00AE5553 /* WhatsPlan */,
				18E990A82817C7FE00AE5553 /* Products */,
			);
			sourceTree = "<group>";
		};
		18E990A82817C7FE00AE5553 /* Products */ = {
			isa = PBXGroup;
			children = (
				18E990A72817C7FE00AE5553 /* WhatsPlan.app */,
			);
			name = Products;
			sourceTree = "<group>";
		};
		18E990A92817C7FE00AE5553 /* WhatsPlan */ = {
			isa = PBXGroup;
			children = (
				18E990CC2817D69200AE5553 /* Views */,
				18E990AA2817C7FE00AE5553 /* AppDelegate.swift */,
				18E990AC2817C7FE00AE5553 /* SceneDelegate.swift */,
				18E990AE2817C7FE00AE5553 /* ContentViewController.swift */,
				18E990B62817C7FE00AE5553 /* Assets.xcassets */,
				18E990B82817C7FE00AE5553 /* LaunchScreen.storyboard */,
				18E990BB2817C7FE00AE5553 /* Info.plist */,
				18E990B32817C7FE00AE5553 /* WhatsPlan.xcdatamodeld */,
				18E990C32817CA5700AE5553 /* plan.swift */,
				18B62854281BCD43006276E1 /* Task.swift */,
			);
			path = WhatsPlan;
			sourceTree = "<group>";
		};
		18E990CC2817D69200AE5553 /* Views */ = {
			isa = PBXGroup;
			children = (
				18B62846281A71E8006276E1 /* SubViews */,
				18E990C52817CF7E00AE5553 /* TodayViewController.swift */,
				18E990C72817CFCF00AE5553 /* PastViewController.swift */,
				18E990CD2817D6B400AE5553 /* CustomCellView.swift */,
				186ADF74281959DF00C97A4C /* AddTodoViewController.swift */,
			);
			path = Views;
			sourceTree = "<group>";
		};
/* End PBXGroup section */

/* Begin PBXNativeTarget section */
		18E990A62817C7FE00AE5553 /* WhatsPlan */ = {
			isa = PBXNativeTarget;
			buildConfigurationList = 18E990BE2817C7FE00AE5553 /* Build configuration list for PBXNativeTarget "WhatsPlan" */;
			buildPhases = (
				18E990A32817C7FE00AE5553 /* Sources */,
				18E990A42817C7FE00AE5553 /* Frameworks */,
				18E990A52817C7FE00AE5553 /* Resources */,
			);
			buildRules = (
			);
			dependencies = (
			);
			name = WhatsPlan;
			packageProductDependencies = (
				18E990CA2817D48900AE5553 /* SnapKit */,
				18B62850281BBC8F006276E1 /* RxCocoa */,
				18B62852281BBC8F006276E1 /* RxSwift */,
			);
			productName = WhatsPlan;
			productReference = 18E990A72817C7FE00AE5553 /* WhatsPlan.app */;
			productType = "com.apple.product-type.application";
		};
/* End PBXNativeTarget section */

/* Begin PBXProject section */
		18E9909F2817C7FE00AE5553 /* Project object */ = {
			isa = PBXProject;
			attributes = {
				BuildIndependentTargetsInParallel = 1;
				LastSwiftUpdateCheck = 1330;
				LastUpgradeCheck = 1330;
				TargetAttributes = {
					18E990A62817C7FE00AE5553 = {
						CreatedOnToolsVersion = 13.3.1;
					};
				};
			};
			buildConfigurationList = 18E990A22817C7FE00AE5553 /* Build configuration list for PBXProject "WhatsPlan" */;
			compatibilityVersion = "Xcode 13.0";
			developmentRegion = en;
			hasScannedForEncodings = 0;
			knownRegions = (
				en,
				Base,
			);
			mainGroup = 18E9909E2817C7FE00AE5553;
			packageReferences = (
				18E990C92817D48900AE5553 /* XCRemoteSwiftPackageReference "SnapKit" */,
				18B6284F281BBC8F006276E1 /* XCRemoteSwiftPackageReference "RxSwift" */,
			);
			productRefGroup = 18E990A82817C7FE00AE5553 /* Products */;
			projectDirPath = "";
			projectRoot = "";
			targets = (
				18E990A62817C7FE00AE5553 /* WhatsPlan */,
			);
		};
/* End PBXProject section */

/* Begin PBXResourcesBuildPhase section */
		18E990A52817C7FE00AE5553 /* Resources */ = {
			isa = PBXResourcesBuildPhase;
			buildActionMask = 2147483647;
			files = (
				18E990BA2817C7FE00AE5553 /* LaunchScreen.storyboard in Resources */,
				18E990B72817C7FE00AE5553 /* Assets.xcassets in Resources */,
			);
			runOnlyForDeploymentPostprocessing = 0;
		};
/* End PBXResourcesBuildPhase section */

/* Begin PBXSourcesBuildPhase section */
		18E990A32817C7FE00AE5553 /* Sources */ = {
			isa = PBXSourcesBuildPhase;
			buildActionMask = 2147483647;
			files = (
				18E990C82817CFCF00AE5553 /* PastViewController.swift in Sources */,
				18E990B52817C7FE00AE5553 /* WhatsPlan.xcdatamodeld in Sources */,
				18E990C42817CA5700AE5553 /* plan.swift in Sources */,
				18E990C62817CF7E00AE5553 /* TodayViewController.swift in Sources */,
				18B62855281BCD43006276E1 /* Task.swift in Sources */,
				18B6284E281A7F0D006276E1 /* Extension.swift in Sources */,
				186ADF75281959DF00C97A4C /* AddTodoViewController.swift in Sources */,
				18E990AF2817C7FE00AE5553 /* ContentViewController.swift in Sources */,
				18E990AB2817C7FE00AE5553 /* AppDelegate.swift in Sources */,
				18E990AD2817C7FE00AE5553 /* SceneDelegate.swift in Sources */,
				18B62848281A71F9006276E1 /* CustomSectionHeaderView.swift in Sources */,
				18E990CE2817D6B400AE5553 /* CustomCellView.swift in Sources */,
			);
			runOnlyForDeploymentPostprocessing = 0;
		};
/* End PBXSourcesBuildPhase section */

/* Begin PBXVariantGroup section */
		18E990B82817C7FE00AE5553 /* LaunchScreen.storyboard */ = {
			isa = PBXVariantGroup;
			children = (
				18E990B92817C7FE00AE5553 /* Base */,
			);
			name = LaunchScreen.storyboard;
			sourceTree = "<group>";
		};
/* End PBXVariantGroup section */

/* Begin XCBuildConfiguration section */
		18E990BC2817C7FE00AE5553 /* Debug */ = {
			isa = XCBuildConfiguration;
			buildSettings = {
				ALWAYS_SEARCH_USER_PATHS = NO;
				CLANG_ANALYZER_NONNULL = YES;
				CLANG_ANALYZER_NUMBER_OBJECT_CONVERSION = YES_AGGRESSIVE;
				CLANG_CXX_LANGUAGE_STANDARD = "gnu++17";
				CLANG_ENABLE_MODULES = YES;
				CLANG_ENABLE_OBJC_ARC = YES;
				CLANG_ENABLE_OBJC_WEAK = YES;
				CLANG_WARN_BLOCK_CAPTURE_AUTORELEASING = YES;
				CLANG_WARN_BOOL_CONVERSION = YES;
				CLANG_WARN_COMMA = YES;
				CLANG_WARN_CONSTANT_CONVERSION = YES;
				CLANG_WARN_DEPRECATED_OBJC_IMPLEMENTATIONS = YES;
				CLANG_WARN_DIRECT_OBJC_ISA_USAGE = YES_ERROR;
				CLANG_WARN_DOCUMENTATION_COMMENTS = YES;
				CLANG_WARN_EMPTY_BODY = YES;
				CLANG_WARN_ENUM_CONVERSION = YES;
				CLANG_WARN_INFINITE_RECURSION = YES;
				CLANG_WARN_INT_CONVERSION = YES;
				CLANG_WARN_NON_LITERAL_NULL_CONVERSION = YES;
				CLANG_WARN_OBJC_IMPLICIT_RETAIN_SELF = YES;
				CLANG_WARN_OBJC_LITERAL_CONVERSION = YES;
				CLANG_WARN_OBJC_ROOT_CLASS = YES_ERROR;
				CLANG_WARN_QUOTED_INCLUDE_IN_FRAMEWORK_HEADER = YES;
				CLANG_WARN_RANGE_LOOP_ANALYSIS = YES;
				CLANG_WARN_STRICT_PROTOTYPES = YES;
				CLANG_WARN_SUSPICIOUS_MOVE = YES;
				CLANG_WARN_UNGUARDED_AVAILABILITY = YES_AGGRESSIVE;
				CLANG_WARN_UNREACHABLE_CODE = YES;
				CLANG_WARN__DUPLICATE_METHOD_MATCH = YES;
				COPY_PHASE_STRIP = NO;
				DEBUG_INFORMATION_FORMAT = dwarf;
				ENABLE_STRICT_OBJC_MSGSEND = YES;
				ENABLE_TESTABILITY = YES;
				GCC_C_LANGUAGE_STANDARD = gnu11;
				GCC_DYNAMIC_NO_PIC = NO;
				GCC_NO_COMMON_BLOCKS = YES;
				GCC_OPTIMIZATION_LEVEL = 0;
				GCC_PREPROCESSOR_DEFINITIONS = (
					"DEBUG=1",
					"$(inherited)",
				);
				GCC_WARN_64_TO_32_BIT_CONVERSION = YES;
				GCC_WARN_ABOUT_RETURN_TYPE = YES_ERROR;
				GCC_WARN_UNDECLARED_SELECTOR = YES;
				GCC_WARN_UNINITIALIZED_AUTOS = YES_AGGRESSIVE;
				GCC_WARN_UNUSED_FUNCTION = YES;
				GCC_WARN_UNUSED_VARIABLE = YES;
				IPHONEOS_DEPLOYMENT_TARGET = 15.4;
				MTL_ENABLE_DEBUG_INFO = INCLUDE_SOURCE;
				MTL_FAST_MATH = YES;
				ONLY_ACTIVE_ARCH = YES;
				SDKROOT = iphoneos;
				SWIFT_ACTIVE_COMPILATION_CONDITIONS = DEBUG;
				SWIFT_OPTIMIZATION_LEVEL = "-Onone";
			};
			name = Debug;
		};
		18E990BD2817C7FE00AE5553 /* Release */ = {
			isa = XCBuildConfiguration;
			buildSettings = {
				ALWAYS_SEARCH_USER_PATHS = NO;
				CLANG_ANALYZER_NONNULL = YES;
				CLANG_ANALYZER_NUMBER_OBJECT_CONVERSION = YES_AGGRESSIVE;
				CLANG_CXX_LANGUAGE_STANDARD = "gnu++17";
				CLANG_ENABLE_MODULES = YES;
				CLANG_ENABLE_OBJC_ARC = YES;
				CLANG_ENABLE_OBJC_WEAK = YES;
				CLANG_WARN_BLOCK_CAPTURE_AUTORELEASING = YES;
				CLANG_WARN_BOOL_CONVERSION = YES;
				CLANG_WARN_COMMA = YES;
				CLANG_WARN_CONSTANT_CONVERSION = YES;
				CLANG_WARN_DEPRECATED_OBJC_IMPLEMENTATIONS = YES;
				CLANG_WARN_DIRECT_OBJC_ISA_USAGE = YES_ERROR;
				CLANG_WARN_DOCUMENTATION_COMMENTS = YES;
				CLANG_WARN_EMPTY_BODY = YES;
				CLANG_WARN_ENUM_CONVERSION = YES;
				CLANG_WARN_INFINITE_RECURSION = YES;
				CLANG_WARN_INT_CONVERSION = YES;
				CLANG_WARN_NON_LITERAL_NULL_CONVERSION = YES;
				CLANG_WARN_OBJC_IMPLICIT_RETAIN_SELF = YES;
				CLANG_WARN_OBJC_LITERAL_CONVERSION = YES;
				CLANG_WARN_OBJC_ROOT_CLASS = YES_ERROR;
				CLANG_WARN_QUOTED_INCLUDE_IN_FRAMEWORK_HEADER = YES;
				CLANG_WARN_RANGE_LOOP_ANALYSIS = YES;
				CLANG_WARN_STRICT_PROTOTYPES = YES;
				CLANG_WARN_SUSPICIOUS_MOVE = YES;
				CLANG_WARN_UNGUARDED_AVAILABILITY = YES_AGGRESSIVE;
				CLANG_WARN_UNREACHABLE_CODE = YES;
				CLANG_WARN__DUPLICATE_METHOD_MATCH = YES;
				COPY_PHASE_STRIP = NO;
				DEBUG_INFORMATION_FORMAT = "dwarf-with-dsym";
				ENABLE_NS_ASSERTIONS = NO;
				ENABLE_STRICT_OBJC_MSGSEND = YES;
				GCC_C_LANGUAGE_STANDARD = gnu11;
				GCC_NO_COMMON_BLOCKS = YES;
				GCC_WARN_64_TO_32_BIT_CONVERSION = YES;
				GCC_WARN_ABOUT_RETURN_TYPE = YES_ERROR;
				GCC_WARN_UNDECLARED_SELECTOR = YES;
				GCC_WARN_UNINITIALIZED_AUTOS = YES_AGGRESSIVE;
				GCC_WARN_UNUSED_FUNCTION = YES;
				GCC_WARN_UNUSED_VARIABLE = YES;
				IPHONEOS_DEPLOYMENT_TARGET = 15.4;
				MTL_ENABLE_DEBUG_INFO = NO;
				MTL_FAST_MATH = YES;
				SDKROOT = iphoneos;
				SWIFT_COMPILATION_MODE = wholemodule;
				SWIFT_OPTIMIZATION_LEVEL = "-O";
				VALIDATE_PRODUCT = YES;
			};
			name = Release;
		};
		18E990BF2817C7FE00AE5553 /* Debug */ = {
			isa = XCBuildConfiguration;
			buildSettings = {
				ASSETCATALOG_COMPILER_APPICON_NAME = AppIcon;
				ASSETCATALOG_COMPILER_GLOBAL_ACCENT_COLOR_NAME = AccentColor;
				CODE_SIGN_STYLE = Automatic;
				CURRENT_PROJECT_VERSION = 1;
				DEVELOPMENT_TEAM = BH7V49ZZ2G;
				GENERATE_INFOPLIST_FILE = YES;
				INFOPLIST_FILE = WhatsPlan/Info.plist;
				INFOPLIST_KEY_UIApplicationSupportsIndirectInputEvents = YES;
				INFOPLIST_KEY_UILaunchStoryboardName = LaunchScreen;
				INFOPLIST_KEY_UISupportedInterfaceOrientations_iPad = "UIInterfaceOrientationPortrait UIInterfaceOrientationPortraitUpsideDown UIInterfaceOrientationLandscapeLeft UIInterfaceOrientationLandscapeRight";
				INFOPLIST_KEY_UISupportedInterfaceOrientations_iPhone = "UIInterfaceOrientationPortrait UIInterfaceOrientationLandscapeLeft UIInterfaceOrientationLandscapeRight";
				LD_RUNPATH_SEARCH_PATHS = (
					"$(inherited)",
					"@executable_path/Frameworks",
				);
				MARKETING_VERSION = 1.0;
				PRODUCT_BUNDLE_IDENTIFIER = WhatsPlan.WhatsPlan;
				PRODUCT_NAME = "$(TARGET_NAME)";
				SWIFT_EMIT_LOC_STRINGS = YES;
				SWIFT_VERSION = 5.0;
				TARGETED_DEVICE_FAMILY = "1,2";
			};
			name = Debug;
		};
		18E990C02817C7FE00AE5553 /* Release */ = {
			isa = XCBuildConfiguration;
			buildSettings = {
				ASSETCATALOG_COMPILER_APPICON_NAME = AppIcon;
				ASSETCATALOG_COMPILER_GLOBAL_ACCENT_COLOR_NAME = AccentColor;
				CODE_SIGN_STYLE = Automatic;
				CURRENT_PROJECT_VERSION = 1;
				DEVELOPMENT_TEAM = BH7V49ZZ2G;
				GENERATE_INFOPLIST_FILE = YES;
				INFOPLIST_FILE = WhatsPlan/Info.plist;
				INFOPLIST_KEY_UIApplicationSupportsIndirectInputEvents = YES;
				INFOPLIST_KEY_UILaunchStoryboardName = LaunchScreen;
				INFOPLIST_KEY_UISupportedInterfaceOrientations_iPad = "UIInterfaceOrientationPortrait UIInterfaceOrientationPortraitUpsideDown UIInterfaceOrientationLandscapeLeft UIInterfaceOrientationLandscapeRight";
				INFOPLIST_KEY_UISupportedInterfaceOrientations_iPhone = "UIInterfaceOrientationPortrait UIInterfaceOrientationLandscapeLeft UIInterfaceOrientationLandscapeRight";
				LD_RUNPATH_SEARCH_PATHS = (
					"$(inherited)",
					"@executable_path/Frameworks",
				);
				MARKETING_VERSION = 1.0;
				PRODUCT_BUNDLE_IDENTIFIER = WhatsPlan.WhatsPlan;
				PRODUCT_NAME = "$(TARGET_NAME)";
				SWIFT_EMIT_LOC_STRINGS = YES;
				SWIFT_VERSION = 5.0;
				TARGETED_DEVICE_FAMILY = "1,2";
			};
			name = Release;
		};
/* End XCBuildConfiguration section */

/* Begin XCConfigurationList section */
		18E990A22817C7FE00AE5553 /* Build configuration list for PBXProject "WhatsPlan" */ = {
			isa = XCConfigurationList;
			buildConfigurations = (
				18E990BC2817C7FE00AE5553 /* Debug */,
				18E990BD2817C7FE00AE5553 /* Release */,
			);
			defaultConfigurationIsVisible = 0;
			defaultConfigurationName = Release;
		};
		18E990BE2817C7FE00AE5553 /* Build configuration list for PBXNativeTarget "WhatsPlan" */ = {
			isa = XCConfigurationList;
			buildConfigurations = (
				18E990BF2817C7FE00AE5553 /* Debug */,
				18E990C02817C7FE00AE5553 /* Release */,
			);
			defaultConfigurationIsVisible = 0;
			defaultConfigurationName = Release;
		};
/* End XCConfigurationList section */

/* Begin XCRemoteSwiftPackageReference section */
		18B6284F281BBC8F006276E1 /* XCRemoteSwiftPackageReference "RxSwift" */ = {
			isa = XCRemoteSwiftPackageReference;
			repositoryURL = "https://github.com/ReactiveX/RxSwift.git";
			requirement = {
				kind = upToNextMajorVersion;
				minimumVersion = 6.0.0;
			};
		};
		18E990C92817D48900AE5553 /* XCRemoteSwiftPackageReference "SnapKit" */ = {
			isa = XCRemoteSwiftPackageReference;
			repositoryURL = "https://github.com/SnapKit/SnapKit.git";
			requirement = {
				kind = upToNextMajorVersion;
				minimumVersion = 5.0.0;
			};
		};
/* End XCRemoteSwiftPackageReference section */

/* Begin XCSwiftPackageProductDependency section */
		18B62850281BBC8F006276E1 /* RxCocoa */ = {
			isa = XCSwiftPackageProductDependency;
			package = 18B6284F281BBC8F006276E1 /* XCRemoteSwiftPackageReference "RxSwift" */;
			productName = RxCocoa;
		};
		18B62852281BBC8F006276E1 /* RxSwift */ = {
			isa = XCSwiftPackageProductDependency;
			package = 18B6284F281BBC8F006276E1 /* XCRemoteSwiftPackageReference "RxSwift" */;
			productName = RxSwift;
		};
		18E990CA2817D48900AE5553 /* SnapKit */ = {
			isa = XCSwiftPackageProductDependency;
			package = 18E990C92817D48900AE5553 /* XCRemoteSwiftPackageReference "SnapKit" */;
			productName = SnapKit;
		};
/* End XCSwiftPackageProductDependency section */

/* Begin XCVersionGroup section */
		18E990B32817C7FE00AE5553 /* WhatsPlan.xcdatamodeld */ = {
			isa = XCVersionGroup;
			children = (
				18E990B42817C7FE00AE5553 /* WhatsPlan.xcdatamodel */,
			);
			currentVersion = 18E990B42817C7FE00AE5553 /* WhatsPlan.xcdatamodel */;
			path = WhatsPlan.xcdatamodeld;
			sourceTree = "<group>";
			versionGroupType = wrapper.xcdatamodel;
		};
/* End XCVersionGroup section */
	};
	rootObject = 18E9909F2817C7FE00AE5553 /* Project object */;
}
